
Microsoft Visual Studio Solution File, Format Version 12.00
# Visual Studio 2012
Project("{FAE04EC0-301F-11D3-BF4B-00C04F79EFBC}") = "Chpokk.Tests", "Chpokk.Tests\Chpokk.Tests.csproj", "{6B9D37AB-EEC9-4AF2-AF04-1CD65C2076EE}"
	ProjectSection(ProjectDependencies) = postProject
		{DB842E72-CD72-4714-9772-F40204FBE6F1} = {DB842E72-CD72-4714-9772-F40204FBE6F1}
	EndProjectSection
EndProject
Project("{FAE04EC0-301F-11D3-BF4B-00C04F79EFBC}") = "ChpokkWeb", "ChpokkWeb\ChpokkWeb.csproj", "{244CBBEC-847E-4E0D-8857-05BB34878174}"
EndProject
Project("{2150E333-8FDC-42A3-9474-1A3956D46DE8}") = ".nuget", ".nuget", "{9E6C23E8-E9DB-4199-81C9-B93A8426C324}"
	ProjectSection(SolutionItems) = preProject
		.nuget\packages.config = .nuget\packages.config
	EndProjectSection
EndProject
Project("{FAE04EC0-301F-11D3-BF4B-00C04F79EFBC}") = "SmokeTests", "SmokeTests\SmokeTests.csproj", "{CCA7F698-721E-4850-BF34-43C568E60C9A}"
EndProject
Project("{FAE04EC0-301F-11D3-BF4B-00C04F79EFBC}") = "SvnTests", "SvnTests\SvnTests.csproj", "{C33B69A4-8D74-46BA-91D2-154617603F6F}"
EndProject
Project("{FAE04EC0-301F-11D3-BF4B-00C04F79EFBC}") = "SomeTests", "SomeTests\SomeTests.csproj", "{64BAC5B8-A853-4AE2-8349-DED642DBB6CE}"
EndProject
Project("{FAE04EC0-301F-11D3-BF4B-00C04F79EFBC}") = "UnitTests", "UnitTests\UnitTests.csproj", "{DB842E72-CD72-4714-9772-F40204FBE6F1}"
EndProject
Global
	GlobalSection(SolutionConfigurationPlatforms) = preSolution
		Debug|Any CPU = Debug|Any CPU
		Release|Any CPU = Release|Any CPU
	EndGlobalSection
	GlobalSection(ProjectConfigurationPlatforms) = postSolution
		{6B9D37AB-EEC9-4AF2-AF04-1CD65C2076EE}.Debug|Any CPU.ActiveCfg = Debug|Any CPU
		{6B9D37AB-EEC9-4AF2-AF04-1CD65C2076EE}.Release|Any CPU.ActiveCfg = Release|Any CPU
		{6B9D37AB-EEC9-4AF2-AF04-1CD65C2076EE}.Release|Any CPU.Build.0 = Release|Any CPU
		{244CBBEC-847E-4E0D-8857-05BB34878174}.Debug|Any CPU.ActiveCfg = Debug|Any CPU
		{244CBBEC-847E-4E0D-8857-05BB34878174}.Debug|Any CPU.Build.0 = Debug|Any CPU
		{244CBBEC-847E-4E0D-8857-05BB34878174}.Release|Any CPU.ActiveCfg = Release|Any CPU
		{244CBBEC-847E-4E0D-8857-05BB34878174}.Release|Any CPU.Build.0 = Release|Any CPU
		{CCA7F698-721E-4850-BF34-43C568E60C9A}.Debug|Any CPU.ActiveCfg = Debug|Any CPU
		{CCA7F698-721E-4850-BF34-43C568E60C9A}.Release|Any CPU.ActiveCfg = Release|Any CPU
		{CCA7F698-721E-4850-BF34-43C568E60C9A}.Release|Any CPU.Build.0 = Release|Any CPU
		{C33B69A4-8D74-46BA-91D2-154617603F6F}.Debug|Any CPU.ActiveCfg = Debug|Any CPU
		{C33B69A4-8D74-46BA-91D2-154617603F6F}.Release|Any CPU.ActiveCfg = Release|Any CPU
		{C33B69A4-8D74-46BA-91D2-154617603F6F}.Release|Any CPU.Build.0 = Release|Any CPU
		{64BAC5B8-A853-4AE2-8349-DED642DBB6CE}.Debug|Any CPU.ActiveCfg = Debug|Any CPU
		{64BAC5B8-A853-4AE2-8349-DED642DBB6CE}.Release|Any CPU.ActiveCfg = Release|Any CPU
		{64BAC5B8-A853-4AE2-8349-DED642DBB6CE}.Release|Any CPU.Build.0 = Release|Any CPU
		{DB842E72-CD72-4714-9772-F40204FBE6F1}.Debug|Any CPU.ActiveCfg = Debug|Any CPU
		{DB842E72-CD72-4714-9772-F40204FBE6F1}.Release|Any CPU.ActiveCfg = Release|Any CPU
		{DB842E72-CD72-4714-9772-F40204FBE6F1}.Release|Any CPU.Build.0 = Release|Any CPU
	EndGlobalSection
	GlobalSection(SolutionProperties) = preSolution
		HideSolutionNode = FALSE
	EndGlobalSection
EndGlobal
